
Microsoft Visual Studio Solution File, Format Version 12.00
# Visual Studio 2013
VisualStudioVersion = 12.0.31101.0
MinimumVisualStudioVersion = 10.0.40219.1
Project("{FAE04EC0-301F-11D3-BF4B-00C04F79EFBC}") = "DesafioGeoAmbiente", "DesafioGeoAmbiente\DesafioGeoAmbiente.csproj", "{7DF025C4-580A-4235-9636-6338F8075EA6}"
EndProject
Project("{FAE04EC0-301F-11D3-BF4B-00C04F79EFBC}") = "DesafioGeoAmbiente.Tests", "DesafioGeoAmbiente.Tests\DesafioGeoAmbiente.Tests.csproj", "{A529635E-09D2-4687-9F8D-00C5BAE487D9}"
EndProject
Global
	GlobalSection(SolutionConfigurationPlatforms) = preSolution
		Debug|Any CPU = Debug|Any CPU
		Release|Any CPU = Release|Any CPU
	EndGlobalSection
	GlobalSection(ProjectConfigurationPlatforms) = postSolution
		{7DF025C4-580A-4235-9636-6338F8075EA6}.Debug|Any CPU.ActiveCfg = Debug|Any CPU
		{7DF025C4-580A-4235-9636-6338F8075EA6}.Debug|Any CPU.Build.0 = Debug|Any CPU
		{7DF025C4-580A-4235-9636-6338F8075EA6}.Release|Any CPU.ActiveCfg = Release|Any CPU
		{7DF025C4-580A-4235-9636-6338F8075EA6}.Release|Any CPU.Build.0 = Release|Any CPU
		{A529635E-09D2-4687-9F8D-00C5BAE487D9}.Debug|Any CPU.ActiveCfg = Debug|Any CPU
		{A529635E-09D2-4687-9F8D-00C5BAE487D9}.Debug|Any CPU.Build.0 = Debug|Any CPU
		{A529635E-09D2-4687-9F8D-00C5BAE487D9}.Release|Any CPU.ActiveCfg = Release|Any CPU
		{A529635E-09D2-4687-9F8D-00C5BAE487D9}.Release|Any CPU.Build.0 = Release|Any CPU
	EndGlobalSection
	GlobalSection(SolutionProperties) = preSolution
		HideSolutionNode = FALSE
	EndGlobalSection
EndGlobal
